
Microsoft Visual Studio Solution File, Format Version 11.00
# Visual C++ Express 2010
Project("{8BC9CEB8-8B4A-11D0-8D11-00A0C91BC942}") = "apischema", "apischema\apischema.vcxproj", "{D11630D9-F22D-40EA-B8F8-6E7ABF56709A}"
EndProject
Global
	GlobalSection(SolutionConfigurationPlatforms) = preSolution
		Debug|Win32 = Debug|Win32
		Release|Win32 = Release|Win32
	EndGlobalSection
	GlobalSection(ProjectConfigurationPlatforms) = postSolution
		{D11630D9-F22D-40EA-B8F8-6E7ABF56709A}.Debug|Win32.ActiveCfg = Debug|Win32
		{D11630D9-F22D-40EA-B8F8-6E7ABF56709A}.Debug|Win32.Build.0 = Debug|Win32
		{D11630D9-F22D-40EA-B8F8-6E7ABF56709A}.Release|Win32.ActiveCfg = Release|Win32
		{D11630D9-F22D-40EA-B8F8-6E7ABF56709A}.Release|Win32.Build.0 = Release|Win32
	EndGlobalSection
	GlobalSection(SolutionProperties) = preSolution
		HideSolutionNode = FALSE
	EndGlobalSection
EndGlobal
